{
  "name": "coursebin",
  "version": "0.0.1",
  "lockfileVersion": 1,
  "requires": true,
  "dependencies": {
    "password-validator": {
      "version": "4.1.1",
      "resolved": "https://registry.npmjs.org/password-validator/-/password-validator-4.1.1.tgz",
      "integrity": "sha1-gPNDV5g0tXSRMJeXP2ayNH7Yqvk="
    }
  }
}
